// !$*UTF8*$!
{
	archiveVersion = 1;
	classes = {
	};
	objectVersion = 46;
	objects = {

/* Begin PBXBuildFile section */
		BF64F4781B7012A900BF258A /* AppDelegate.swift in Sources */ = {isa = PBXBuildFile; fileRef = BF64F4771B7012A900BF258A /* AppDelegate.swift */; };
		BF64F47A1B7012A900BF258A /* GameScene.sks in Resources */ = {isa = PBXBuildFile; fileRef = BF64F4791B7012A900BF258A /* GameScene.sks */; };
		BF64F47C1B7012A900BF258A /* GameScene.swift in Sources */ = {isa = PBXBuildFile; fileRef = BF64F47B1B7012A900BF258A /* GameScene.swift */; };
		BF64F47E1B7012A900BF258A /* GameViewController.swift in Sources */ = {isa = PBXBuildFile; fileRef = BF64F47D1B7012A900BF258A /* GameViewController.swift */; };
		BF64F4811B7012A900BF258A /* Main.storyboard in Resources */ = {isa = PBXBuildFile; fileRef = BF64F47F1B7012A900BF258A /* Main.storyboard */; };
		BF64F4831B7012A900BF258A /* Assets.xcassets in Resources */ = {isa = PBXBuildFile; fileRef = BF64F4821B7012A900BF258A /* Assets.xcassets */; };
		BF64F4861B7012A900BF258A /* LaunchScreen.storyboard in Resources */ = {isa = PBXBuildFile; fileRef = BF64F4841B7012A900BF258A /* LaunchScreen.storyboard */; };
/* End PBXBuildFile section */

/* Begin PBXFileReference section */
		BF64F4741B7012A900BF258A /* bubble bum.app */ = {isa = PBXFileReference; explicitFileType = wrapper.application; includeInIndex = 0; path = "bubble bum.app"; sourceTree = BUILT_PRODUCTS_DIR; };
		BF64F4771B7012A900BF258A /* AppDelegate.swift */ = {isa = PBXFileReference; lastKnownFileType = sourcecode.swift; path = AppDelegate.swift; sourceTree = "<group>"; };
		BF64F4791B7012A900BF258A /* GameScene.sks */ = {isa = PBXFileReference; lastKnownFileType = file.sks; path = GameScene.sks; sourceTree = "<group>"; };
		BF64F47B1B7012A900BF258A /* GameScene.swift */ = {isa = PBXFileReference; lastKnownFileType = sourcecode.swift; path = GameScene.swift; sourceTree = "<group>"; };
		BF64F47D1B7012A900BF258A /* GameViewController.swift */ = {isa = PBXFileReference; lastKnownFileType = sourcecode.swift; path = GameViewController.swift; sourceTree = "<group>"; };
		BF64F4801B7012A900BF258A /* Base */ = {isa = PBXFileReference; lastKnownFileType = file.storyboard; name = Base; path = Base.lproj/Main.storyboard; sourceTree = "<group>"; };
		BF64F4821B7012A900BF258A /* Assets.xcassets */ = {isa = PBXFileReference; lastKnownFileType = folder.assetcatalog; path = Assets.xcassets; sourceTree = "<group>"; };
		BF64F4851B7012A900BF258A /* Base */ = {isa = PBXFileReference; lastKnownFileType = file.storyboard; name = Base; path = Base.lproj/LaunchScreen.storyboard; sourceTree = "<group>"; };
		BF64F4871B7012A900BF258A /* Info.plist */ = {isa = PBXFileReference; lastKnownFileType = text.plist.xml; path = Info.plist; sourceTree = "<group>"; };
/* End PBXFileReference section */

/* Begin PBXFrameworksBuildPhase section */
		BF64F4711B7012A900BF258A /* Frameworks */ = {
			isa = PBXFrameworksBuildPhase;
			buildActionMask = 2147483647;
			files = (
			);
			runOnlyForDeploymentPostprocessing = 0;
		};
/* End PBXFrameworksBuildPhase section */

/* Begin PBXGroup section */
		BF64F46B1B7012A900BF258A = {
			isa = PBXGroup;
			children = (
				BF64F4761B7012A900BF258A /* bubble bum */,
				BF64F4751B7012A900BF258A /* Products */,
			);
			sourceTree = "<group>";
		};
		BF64F4751B7012A900BF258A /* Products */ = {
			isa = PBXGroup;
			children = (
				BF64F4741B7012A900BF258A /* bubble bum.app */,
			);
			name = Products;
			sourceTree = "<group>";
		};
		BF64F4761B7012A900BF258A /* bubble bum */ = {
			isa = PBXGroup;
			children = (
				BF64F4771B7012A900BF258A /* AppDelegate.swift */,
				BF64F4791B7012A900BF258A /* GameScene.sks */,
				BF64F47B1B7012A900BF258A /* GameScene.swift */,
				BF64F47D1B7012A900BF258A /* GameViewController.swift */,
				BF64F47F1B7012A900BF258A /* Main.storyboard */,
				BF64F4821B7012A900BF258A /* Assets.xcassets */,
				BF64F4841B7012A900BF258A /* LaunchScreen.storyboard */,
				BF64F4871B7012A900BF258A /* Info.plist */,
			);
			path = "bubble bum";
			sourceTree = "<group>";
		};
/* End PBXGroup section */

/* Begin PBXNativeTarget section */
		BF64F4731B7012A900BF258A /* bubble bum */ = {
			isa = PBXNativeTarget;
			buildConfigurationList = BF64F48A1B7012A900BF258A /* Build configuration list for PBXNativeTarget "bubble bum" */;
			buildPhases = (
				BF64F4701B7012A900BF258A /* Sources */,
				BF64F4711B7012A900BF258A /* Frameworks */,
				BF64F4721B7012A900BF258A /* Resources */,
			);
			buildRules = (
			);
			dependencies = (
			);
			name = "bubble bum";
			productName = "bubble bum";
			productReference = BF64F4741B7012A900BF258A /* bubble bum.app */;
			productType = "com.apple.product-type.application";
		};
/* End PBXNativeTarget section */

/* Begin PBXProject section */
		BF64F46C1B7012A900BF258A /* Project object */ = {
			isa = PBXProject;
			attributes = {
				LastUpgradeCheck = 0700;
				ORGANIZATIONNAME = "Daniel Pereira";
				TargetAttributes = {
					BF64F4731B7012A900BF258A = {
						CreatedOnToolsVersion = 7.0;
					};
				};
			};
			buildConfigurationList = BF64F46F1B7012A900BF258A /* Build configuration list for PBXProject "bubble bum" */;
			compatibilityVersion = "Xcode 3.2";
			developmentRegion = English;
			hasScannedForEncodings = 0;
			knownRegions = (
				en,
				Base,
			);
			mainGroup = BF64F46B1B7012A900BF258A;
			productRefGroup = BF64F4751B7012A900BF258A /* Products */;
			projectDirPath = "";
			projectRoot = "";
			targets = (
				BF64F4731B7012A900BF258A /* bubble bum */,
			);
		};
/* End PBXProject section */

/* Begin PBXResourcesBuildPhase section */
		BF64F4721B7012A900BF258A /* Resources */ = {
			isa = PBXResourcesBuildPhase;
			buildActionMask = 2147483647;
			files = (
				BF64F47A1B7012A900BF258A /* GameScene.sks in Resources */,
				BF64F4861B7012A900BF258A /* LaunchScreen.storyboard in Resources */,
				BF64F4831B7012A900BF258A /* Assets.xcassets in Resources */,
				BF64F4811B7012A900BF258A /* Main.storyboard in Resources */,
			);
			runOnlyForDeploymentPostprocessing = 0;
		};
/* End PBXResourcesBuildPhase section */

/* Begin PBXSourcesBuildPhase section */
		BF64F4701B7012A900BF258A /* Sources */ = {
			isa = PBXSourcesBuildPhase;
			buildActionMask = 2147483647;
			files = (
				BF64F47C1B7012A900BF258A /* GameScene.swift in Sources */,
				BF64F47E1B7012A900BF258A /* GameViewController.swift in Sources */,
				BF64F4781B7012A900BF258A /* AppDelegate.swift in Sources */,
			);
			runOnlyForDeploymentPostprocessing = 0;
		};
/* End PBXSourcesBuildPhase section */

/* Begin PBXVariantGroup section */
		BF64F47F1B7012A900BF258A /* Main.storyboard */ = {
			isa = PBXVariantGroup;
			children = (
				BF64F4801B7012A900BF258A /* Base */,
			);
			name = Main.storyboard;
			sourceTree = "<group>";
		};
		BF64F4841B7012A900BF258A /* LaunchScreen.storyboard */ = {
			isa = PBXVariantGroup;
			children = (
				BF64F4851B7012A900BF258A /* Base */,
			);
			name = LaunchScreen.storyboard;
			sourceTree = "<group>";
		};
/* End PBXVariantGroup section */

/* Begin XCBuildConfiguration section */
		BF64F4881B7012A900BF258A /* Debug */ = {
			isa = XCBuildConfiguration;
			buildSettings = {
				ALWAYS_SEARCH_USER_PATHS = NO;
				CLANG_CXX_LANGUAGE_STANDARD = "gnu++0x";
				CLANG_CXX_LIBRARY = "libc++";
				CLANG_ENABLE_MODULES = YES;
				CLANG_ENABLE_OBJC_ARC = YES;
				CLANG_WARN_BOOL_CONVERSION = YES;
				CLANG_WARN_CONSTANT_CONVERSION = YES;
				CLANG_WARN_DIRECT_OBJC_ISA_USAGE = YES_ERROR;
				CLANG_WARN_EMPTY_BODY = YES;
				CLANG_WARN_ENUM_CONVERSION = YES;
				CLANG_WARN_INT_CONVERSION = YES;
				CLANG_WARN_OBJC_ROOT_CLASS = YES_ERROR;
				CLANG_WARN_UNREACHABLE_CODE = YES;
				CLANG_WARN__DUPLICATE_METHOD_MATCH = YES;
				"CODE_SIGN_IDENTITY[sdk=iphoneos*]" = "iPhone Developer";
				COPY_PHASE_STRIP = NO;
				DEBUG_INFORMATION_FORMAT = dwarf;
				ENABLE_STRICT_OBJC_MSGSEND = YES;
				ENABLE_TESTABILITY = YES;
				GCC_C_LANGUAGE_STANDARD = gnu99;
				GCC_DYNAMIC_NO_PIC = NO;
				GCC_NO_COMMON_BLOCKS = YES;
				GCC_OPTIMIZATION_LEVEL = 0;
				GCC_PREPROCESSOR_DEFINITIONS = (
					"DEBUG=1",
					"$(inherited)",
				);
				GCC_WARN_64_TO_32_BIT_CONVERSION = YES;
				GCC_WARN_ABOUT_RETURN_TYPE = YES_ERROR;
				GCC_WARN_UNDECLARED_SELECTOR = YES;
				GCC_WARN_UNINITIALIZED_AUTOS = YES_AGGRESSIVE;
				GCC_WARN_UNUSED_FUNCTION = YES;
				GCC_WARN_UNUSED_VARIABLE = YES;
				IPHONEOS_DEPLOYMENT_TARGET = 9.0;
				MTL_ENABLE_DEBUG_INFO = YES;
				ONLY_ACTIVE_ARCH = YES;
				SDKROOT = iphoneos;
				SWIFT_OPTIMIZATION_LEVEL = "-Onone";
			};
			name = Debug;
		};
		BF64F4891B7012A900BF258A /* Release */ = {
			isa = XCBuildConfiguration;
			buildSettings = {
				ALWAYS_SEARCH_USER_PATHS = NO;
				CLANG_CXX_LANGUAGE_STANDARD = "gnu++0x";
				CLANG_CXX_LIBRARY = "libc++";
				CLANG_ENABLE_MODULES = YES;
				CLANG_ENABLE_OBJC_ARC = YES;
				CLANG_WARN_BOOL_CONVERSION = YES;
				CLANG_WARN_CONSTANT_CONVERSION = YES;
				CLANG_WARN_DIRECT_OBJC_ISA_USAGE = YES_ERROR;
				CLANG_WARN_EMPTY_BODY = YES;
				CLANG_WARN_ENUM_CONVERSION = YES;
				CLANG_WARN_INT_CONVERSION = YES;
				CLANG_WARN_OBJC_ROOT_CLASS = YES_ERROR;
				CLANG_WARN_UNREACHABLE_CODE = YES;
				CLANG_WARN__DUPLICATE_METHOD_MATCH = YES;
				"CODE_SIGN_IDENTITY[sdk=iphoneos*]" = "iPhone Developer";
				COPY_PHASE_STRIP = NO;
				DEBUG_INFORMATION_FORMAT = "dwarf-with-dsym";
				ENABLE_NS_ASSERTIONS = NO;
				ENABLE_STRICT_OBJC_MSGSEND = YES;
				GCC_C_LANGUAGE_STANDARD = gnu99;
				GCC_NO_COMMON_BLOCKS = YES;
				GCC_WARN_64_TO_32_BIT_CONVERSION = YES;
				GCC_WARN_ABOUT_RETURN_TYPE = YES_ERROR;
				GCC_WARN_UNDECLARED_SELECTOR = YES;
				GCC_WARN_UNINITIALIZED_AUTOS = YES_AGGRESSIVE;
				GCC_WARN_UNUSED_FUNCTION = YES;
				GCC_WARN_UNUSED_VARIABLE = YES;
				IPHONEOS_DEPLOYMENT_TARGET = 9.0;
				MTL_ENABLE_DEBUG_INFO = NO;
				SDKROOT = iphoneos;
				VALIDATE_PRODUCT = YES;
			};
			name = Release;
		};
		BF64F48B1B7012A900BF258A /* Debug */ = {
			isa = XCBuildConfiguration;
			buildSettings = {
				ASSETCATALOG_COMPILER_APPICON_NAME = AppIcon;
				INFOPLIST_FILE = "bubble bum/Info.plist";
				LD_RUNPATH_SEARCH_PATHS = "$(inherited) @executable_path/Frameworks";
				PRODUCT_BUNDLE_IDENTIFIER = "com.depp.bubble-bum";
				PRODUCT_NAME = "$(TARGET_NAME)";
			};
			name = Debug;
		};
		BF64F48C1B7012A900BF258A /* Release */ = {
			isa = XCBuildConfiguration;
			buildSettings = {
				ASSETCATALOG_COMPILER_APPICON_NAME = AppIcon;
				INFOPLIST_FILE = "bubble bum/Info.plist";
				LD_RUNPATH_SEARCH_PATHS = "$(inherited) @executable_path/Frameworks";
				PRODUCT_BUNDLE_IDENTIFIER = "com.depp.bubble-bum";
				PRODUCT_NAME = "$(TARGET_NAME)";
			};
			name = Release;
		};
/* End XCBuildConfiguration section */

/* Begin XCConfigurationList section */
		BF64F46F1B7012A900BF258A /* Build configuration list for PBXProject "bubble bum" */ = {
			isa = XCConfigurationList;
			buildConfigurations = (
				BF64F4881B7012A900BF258A /* Debug */,
				BF64F4891B7012A900BF258A /* Release */,
			);
			defaultConfigurationIsVisible = 0;
			defaultConfigurationName = Release;
		};
		BF64F48A1B7012A900BF258A /* Build configuration list for PBXNativeTarget "bubble bum" */ = {
			isa = XCConfigurationList;
			buildConfigurations = (
				BF64F48B1B7012A900BF258A /* Debug */,
				BF64F48C1B7012A900BF258A /* Release */,
			);
			defaultConfigurationIsVisible = 0;
		};
/* End XCConfigurationList section */
	};
	rootObject = BF64F46C1B7012A900BF258A /* Project object */;
}
